Microsoft Visual Studio Solution File, Format Version 12.00
# Visual Studio Version 17
VisualStudioVersion = 17.5.2.0
MinimumVisualStudioVersion = 10.0.40219.1
Project("{FAE04EC0-301F-11D3-BF4B-00C04F79EFBC}") = "lab-4-big-to-do-PayHans12", "lab-4-big-to-do-PayHans12.csproj", "{ED2A799C-5D2C-E3A7-482C-79B245B4532C}"
EndProject
Global
	GlobalSection(SolutionConfigurationPlatforms) = preSolution
		Debug|Any CPU = Debug|Any CPU
		Release|Any CPU = Release|Any CPU
	EndGlobalSection
	GlobalSection(ProjectConfigurationPlatforms) = postSolution
		{ED2A799C-5D2C-E3A7-482C-79B245B4532C}.Debug|Any CPU.ActiveCfg = Debug|Any CPU
		{ED2A799C-5D2C-E3A7-482C-79B245B4532C}.Debug|Any CPU.Build.0 = Debug|Any CPU
		{ED2A799C-5D2C-E3A7-482C-79B245B4532C}.Release|Any CPU.ActiveCfg = Release|Any CPU
		{ED2A799C-5D2C-E3A7-482C-79B245B4532C}.Release|Any CPU.Build.0 = Release|Any CPU
	EndGlobalSection
	GlobalSection(SolutionProperties) = preSolution
		HideSolutionNode = FALSE
	EndGlobalSection
	GlobalSection(ExtensibilityGlobals) = postSolution
		SolutionGuid = {F617CB89-A41A-489F-A30C-1916FE2B8F82}
	EndGlobalSection
EndGlobal
